
Microsoft Visual Studio Solution File, Format Version 12.00
# Visual Studio Version 17
VisualStudioVersion = 17.0.31903.59
MinimumVisualStudioVersion = 10.0.40219.1
Project("{FAE04EC0-301F-11D3-BF4B-00C04F79EFBC}") = "gestaoStock", "gestaoStock\gestaoStock.csproj", "{B5CEDD06-9B92-4E77-A860-2C1936C52308}"
EndProject
Global
	GlobalSection(SolutionConfigurationPlatforms) = preSolution
		Debug|Any CPU = Debug|Any CPU
		Release|Any CPU = Release|Any CPU
	EndGlobalSection
	GlobalSection(ProjectConfigurationPlatforms) = postSolution
		{B5CEDD06-9B92-4E77-A860-2C1936C52308}.Debug|Any CPU.ActiveCfg = Debug|Any CPU
		{B5CEDD06-9B92-4E77-A860-2C1936C52308}.Debug|Any CPU.Build.0 = Debug|Any CPU
		{B5CEDD06-9B92-4E77-A860-2C1936C52308}.Release|Any CPU.ActiveCfg = Release|Any CPU
		{B5CEDD06-9B92-4E77-A860-2C1936C52308}.Release|Any CPU.Build.0 = Release|Any CPU
	EndGlobalSection
	GlobalSection(SolutionProperties) = preSolution
		HideSolutionNode = FALSE
	EndGlobalSection
	GlobalSection(ExtensibilityGlobals) = postSolution
		SolutionGuid = {DD2C3E92-D186-4541-8188-5DE1F4FBB7E1}
	EndGlobalSection
EndGlobal
